
Microsoft Visual Studio Solution File, Format Version 12.00
# Visual Studio Version 16
VisualStudioVersion = 16.0.30517.126
MinimumVisualStudioVersion = 10.0.40219.1
Project("{FAE04EC0-301F-11D3-BF4B-00C04F79EFBC}") = "AuthoritativeCopySOAPExample", "AuthoritativeCopySOAPExample\AuthoritativeCopySOAPExample.csproj", "{987C0345-56D8-4D47-A5C2-4EB756B2F6CD}"
EndProject
Global
	GlobalSection(SolutionConfigurationPlatforms) = preSolution
		Debug|Any CPU = Debug|Any CPU
		Release|Any CPU = Release|Any CPU
	EndGlobalSection
	GlobalSection(ProjectConfigurationPlatforms) = postSolution
		{987C0345-56D8-4D47-A5C2-4EB756B2F6CD}.Debug|Any CPU.ActiveCfg = Debug|Any CPU
		{987C0345-56D8-4D47-A5C2-4EB756B2F6CD}.Debug|Any CPU.Build.0 = Debug|Any CPU
		{987C0345-56D8-4D47-A5C2-4EB756B2F6CD}.Release|Any CPU.ActiveCfg = Release|Any CPU
		{987C0345-56D8-4D47-A5C2-4EB756B2F6CD}.Release|Any CPU.Build.0 = Release|Any CPU
	EndGlobalSection
	GlobalSection(SolutionProperties) = preSolution
		HideSolutionNode = FALSE
	EndGlobalSection
	GlobalSection(ExtensibilityGlobals) = postSolution
		SolutionGuid = {6380FF7D-C0B0-4C44-9C9D-A0AE83C9FF90}
	EndGlobalSection
EndGlobal
